
Microsoft Visual Studio Solution File, Format Version 12.00
# Visual Studio 15
VisualStudioVersion = 15.0.26124.0
MinimumVisualStudioVersion = 15.0.26124.0
Project("{FAE04EC0-301F-11D3-BF4B-00C04F79EFBC}") = "SimplePasswordManagerService.Infra", "SimplePasswordManagerServiceInfra\SimplePasswordManagerService.Infra.csproj", "{56543F8C-510B-42C1-B71C-69266636B46F}"
EndProject
Global
	GlobalSection(SolutionConfigurationPlatforms) = preSolution
		Debug|Any CPU = Debug|Any CPU
		Debug|x64 = Debug|x64
		Debug|x86 = Debug|x86
		Release|Any CPU = Release|Any CPU
		Release|x64 = Release|x64
		Release|x86 = Release|x86
	EndGlobalSection
	GlobalSection(SolutionProperties) = preSolution
		HideSolutionNode = FALSE
	EndGlobalSection
	GlobalSection(ProjectConfigurationPlatforms) = postSolution
		{56543F8C-510B-42C1-B71C-69266636B46F}.Debug|Any CPU.ActiveCfg = Debug|Any CPU
		{56543F8C-510B-42C1-B71C-69266636B46F}.Debug|Any CPU.Build.0 = Debug|Any CPU
		{56543F8C-510B-42C1-B71C-69266636B46F}.Debug|x64.ActiveCfg = Debug|Any CPU
		{56543F8C-510B-42C1-B71C-69266636B46F}.Debug|x64.Build.0 = Debug|Any CPU
		{56543F8C-510B-42C1-B71C-69266636B46F}.Debug|x86.ActiveCfg = Debug|Any CPU
		{56543F8C-510B-42C1-B71C-69266636B46F}.Debug|x86.Build.0 = Debug|Any CPU
		{56543F8C-510B-42C1-B71C-69266636B46F}.Release|Any CPU.ActiveCfg = Release|Any CPU
		{56543F8C-510B-42C1-B71C-69266636B46F}.Release|Any CPU.Build.0 = Release|Any CPU
		{56543F8C-510B-42C1-B71C-69266636B46F}.Release|x64.ActiveCfg = Release|Any CPU
		{56543F8C-510B-42C1-B71C-69266636B46F}.Release|x64.Build.0 = Release|Any CPU
		{56543F8C-510B-42C1-B71C-69266636B46F}.Release|x86.ActiveCfg = Release|Any CPU
		{56543F8C-510B-42C1-B71C-69266636B46F}.Release|x86.Build.0 = Release|Any CPU
	EndGlobalSection
EndGlobal
