
Microsoft Visual Studio Solution File, Format Version 12.00
# Visual Studio Version 17
VisualStudioVersion = 17.0.31903.59
MinimumVisualStudioVersion = 10.0.40219.1
Project("{9A19103F-16F7-4668-BE54-9A1E7A4F7556}") = "SimplePasswordManagerService.Integration.Tests", "SimplePasswordManagerService.Integration.Tests\SimplePasswordManagerService.Integration.Tests.csproj", "{3F04B258-AF54-4A09-A832-450424511E57}"
EndProject
Project("{9A19103F-16F7-4668-BE54-9A1E7A4F7556}") = "SimplePasswordManagerService.Infra", "SimplePasswordManagerService.Infra\src\SimplePasswordManagerServiceInfra\SimplePasswordManagerService.Infra.csproj", "{17760A1E-CFC4-4601-AC2D-13337F5BF6DF}"
EndProject
Project("{9A19103F-16F7-4668-BE54-9A1E7A4F7556}") = "SimplePasswordManagerService.Business", "SimplePasswordManagerService.Business\SimplePasswordManagerService.Business.csproj", "{41D995E4-D8C2-4574-90E5-1C109D20B062}"
EndProject
Project("{9A19103F-16F7-4668-BE54-9A1E7A4F7556}") = "SimplePasswordManagerService", "SimplePasswordManagerService\SimplePasswordManagerService.csproj", "{2B729E86-8C39-4FEE-BE51-9069890A8EE4}"
	ProjectSection(ProjectDependencies) = postProject
		{41D995E4-D8C2-4574-90E5-1C109D20B062} = {41D995E4-D8C2-4574-90E5-1C109D20B062}
	EndProjectSection
EndProject
Project("{9A19103F-16F7-4668-BE54-9A1E7A4F7556}") = "SimplePasswordManagerService.Business.Tests", "SimplePasswordManagerService.Business.Tests\SimplePasswordManagerService.Business.Tests.csproj", "{0CF09177-C8E1-419D-B951-CF1860F36C41}"
EndProject
Project("{2150E333-8FDC-42A3-9474-1A3956D46DE8}") = "Solution Items", "Solution Items", "{A59B9231-DA93-431B-B217-D7B85B3A9939}"
	ProjectSection(SolutionItems) = preProject
		azure-pipelines.yml = azure-pipelines.yml
		build.yml = build.yml
		.github\workflows\codeql-analysis.yml = .github\workflows\codeql-analysis.yml
		.github\dependabot.yml = .github\dependabot.yml
		deploy.yml = deploy.yml
		docker-compose.yml = docker-compose.yml
		Dockerfile = Dockerfile
		.github\workflows\spms-dotnet.yml = .github\workflows\spms-dotnet.yml
	EndProjectSection
EndProject
Global
	GlobalSection(SolutionConfigurationPlatforms) = preSolution
		Debug|Any CPU = Debug|Any CPU
		Release|Any CPU = Release|Any CPU
	EndGlobalSection
	GlobalSection(ProjectConfigurationPlatforms) = postSolution
		{3F04B258-AF54-4A09-A832-450424511E57}.Debug|Any CPU.ActiveCfg = Debug|Any CPU
		{3F04B258-AF54-4A09-A832-450424511E57}.Debug|Any CPU.Build.0 = Debug|Any CPU
		{3F04B258-AF54-4A09-A832-450424511E57}.Release|Any CPU.ActiveCfg = Release|Any CPU
		{3F04B258-AF54-4A09-A832-450424511E57}.Release|Any CPU.Build.0 = Release|Any CPU
		{17760A1E-CFC4-4601-AC2D-13337F5BF6DF}.Debug|Any CPU.ActiveCfg = Debug|Any CPU
		{17760A1E-CFC4-4601-AC2D-13337F5BF6DF}.Debug|Any CPU.Build.0 = Debug|Any CPU
		{17760A1E-CFC4-4601-AC2D-13337F5BF6DF}.Release|Any CPU.ActiveCfg = Release|Any CPU
		{17760A1E-CFC4-4601-AC2D-13337F5BF6DF}.Release|Any CPU.Build.0 = Release|Any CPU
		{41D995E4-D8C2-4574-90E5-1C109D20B062}.Debug|Any CPU.ActiveCfg = Debug|Any CPU
		{41D995E4-D8C2-4574-90E5-1C109D20B062}.Debug|Any CPU.Build.0 = Debug|Any CPU
		{41D995E4-D8C2-4574-90E5-1C109D20B062}.Release|Any CPU.ActiveCfg = Release|Any CPU
		{41D995E4-D8C2-4574-90E5-1C109D20B062}.Release|Any CPU.Build.0 = Release|Any CPU
		{2B729E86-8C39-4FEE-BE51-9069890A8EE4}.Debug|Any CPU.ActiveCfg = Debug|Any CPU
		{2B729E86-8C39-4FEE-BE51-9069890A8EE4}.Debug|Any CPU.Build.0 = Debug|Any CPU
		{2B729E86-8C39-4FEE-BE51-9069890A8EE4}.Release|Any CPU.ActiveCfg = Release|Any CPU
		{2B729E86-8C39-4FEE-BE51-9069890A8EE4}.Release|Any CPU.Build.0 = Release|Any CPU
		{0CF09177-C8E1-419D-B951-CF1860F36C41}.Debug|Any CPU.ActiveCfg = Debug|Any CPU
		{0CF09177-C8E1-419D-B951-CF1860F36C41}.Debug|Any CPU.Build.0 = Debug|Any CPU
		{0CF09177-C8E1-419D-B951-CF1860F36C41}.Release|Any CPU.ActiveCfg = Release|Any CPU
		{0CF09177-C8E1-419D-B951-CF1860F36C41}.Release|Any CPU.Build.0 = Release|Any CPU
	EndGlobalSection
	GlobalSection(SolutionProperties) = preSolution
		HideSolutionNode = FALSE
	EndGlobalSection
	GlobalSection(ExtensibilityGlobals) = postSolution
		SolutionGuid = {ED95EFFF-C925-41E8-A1BA-F2FABBD6A643}
	EndGlobalSection
EndGlobal
